
Microsoft Visual Studio Solution File, Format Version 12.00
# Visual Studio 14
VisualStudioVersion = 14.0.25123.0
MinimumVisualStudioVersion = 10.0.40219.1
Project("{FAE04EC0-301F-11D3-BF4B-00C04F79EFBC}") = "Events", "Events\Events.csproj", "{24030D7D-44A1-4956-8174-9BB286D7B078}"
EndProject
Project("{FAE04EC0-301F-11D3-BF4B-00C04F79EFBC}") = "PrinterManager", "PrinterManager\PrinterManager.csproj", "{385CDCB7-68B8-417F-830E-E5F1E015DEFE}"
EndProject
Global
	GlobalSection(SolutionConfigurationPlatforms) = preSolution
		Debug|Any CPU = Debug|Any CPU
		Release|Any CPU = Release|Any CPU
	EndGlobalSection
	GlobalSection(ProjectConfigurationPlatforms) = postSolution
		{24030D7D-44A1-4956-8174-9BB286D7B078}.Debug|Any CPU.ActiveCfg = Debug|Any CPU
		{24030D7D-44A1-4956-8174-9BB286D7B078}.Debug|Any CPU.Build.0 = Debug|Any CPU
		{24030D7D-44A1-4956-8174-9BB286D7B078}.Release|Any CPU.ActiveCfg = Release|Any CPU
		{24030D7D-44A1-4956-8174-9BB286D7B078}.Release|Any CPU.Build.0 = Release|Any CPU
		{385CDCB7-68B8-417F-830E-E5F1E015DEFE}.Debug|Any CPU.ActiveCfg = Debug|Any CPU
		{385CDCB7-68B8-417F-830E-E5F1E015DEFE}.Debug|Any CPU.Build.0 = Debug|Any CPU
		{385CDCB7-68B8-417F-830E-E5F1E015DEFE}.Release|Any CPU.ActiveCfg = Release|Any CPU
		{385CDCB7-68B8-417F-830E-E5F1E015DEFE}.Release|Any CPU.Build.0 = Release|Any CPU
	EndGlobalSection
	GlobalSection(SolutionProperties) = preSolution
		HideSolutionNode = FALSE
	EndGlobalSection
EndGlobal
